
Microsoft Visual Studio Solution File, Format Version 12.00
# Visual Studio Version 17
VisualStudioVersion = 17.5.2.0
MinimumVisualStudioVersion = 10.0.40219.1
Project("{FAE04EC0-301F-11D3-BF4B-00C04F79EFBC}") = "uga-mpl-server", "uga-mpl-server.csproj", "{AED66E7D-02CA-AFD9-3A04-E43FD91C3161}"
EndProject
Global
	GlobalSection(SolutionConfigurationPlatforms) = preSolution
		Debug|Any CPU = Debug|Any CPU
		Debug|x64 = Debug|x64
		Debug|x86 = Debug|x86
		Release|Any CPU = Release|Any CPU
		Release|x64 = Release|x64
		Release|x86 = Release|x86
	EndGlobalSection
	GlobalSection(ProjectConfigurationPlatforms) = postSolution
		{AED66E7D-02CA-AFD9-3A04-E43FD91C3161}.Debug|Any CPU.ActiveCfg = Debug|Any CPU
		{AED66E7D-02CA-AFD9-3A04-E43FD91C3161}.Debug|Any CPU.Build.0 = Debug|Any CPU
		{AED66E7D-02CA-AFD9-3A04-E43FD91C3161}.Debug|x64.ActiveCfg = Debug|Any CPU
		{AED66E7D-02CA-AFD9-3A04-E43FD91C3161}.Debug|x64.Build.0 = Debug|Any CPU
		{AED66E7D-02CA-AFD9-3A04-E43FD91C3161}.Debug|x86.ActiveCfg = Debug|Any CPU
		{AED66E7D-02CA-AFD9-3A04-E43FD91C3161}.Debug|x86.Build.0 = Debug|Any CPU
		{AED66E7D-02CA-AFD9-3A04-E43FD91C3161}.Release|Any CPU.ActiveCfg = Release|Any CPU
		{AED66E7D-02CA-AFD9-3A04-E43FD91C3161}.Release|Any CPU.Build.0 = Release|Any CPU
		{AED66E7D-02CA-AFD9-3A04-E43FD91C3161}.Release|x64.ActiveCfg = Release|Any CPU
		{AED66E7D-02CA-AFD9-3A04-E43FD91C3161}.Release|x64.Build.0 = Release|Any CPU
		{AED66E7D-02CA-AFD9-3A04-E43FD91C3161}.Release|x86.ActiveCfg = Release|Any CPU
		{AED66E7D-02CA-AFD9-3A04-E43FD91C3161}.Release|x86.Build.0 = Release|Any CPU
	EndGlobalSection
	GlobalSection(SolutionProperties) = preSolution
		HideSolutionNode = FALSE
	EndGlobalSection
	GlobalSection(ExtensibilityGlobals) = postSolution
		SolutionGuid = {15B209DF-A760-49A6-AA8E-A885A6032F23}
	EndGlobalSection
EndGlobal
